// !$*UTF8*$!
{
	archiveVersion = 1;
	classes = {
	};
	objectVersion = 56;
	objects = {

/* Begin PBXBuildFile section */
		83573DA228A1CF900061177F /* MovieDTO.swift in Sources */ = {isa = PBXBuildFile; fileRef = 83573DA128A1CF900061177F /* MovieDTO.swift */; };
		83573DA628A1D7050061177F /* RemoteFeedLoader.swift in Sources */ = {isa = PBXBuildFile; fileRef = 83573DA528A1D7050061177F /* RemoteFeedLoader.swift */; };
		83573DA928A1D8B00061177F /* Endpoint.swift in Sources */ = {isa = PBXBuildFile; fileRef = 83573DA828A1D8B00061177F /* Endpoint.swift */; };
		83573DAB28A1DD9F0061177F /* APIError.swift in Sources */ = {isa = PBXBuildFile; fileRef = 83573DAA28A1DD9F0061177F /* APIError.swift */; };
		83573DAD28A1DF250061177F /* FeedEndpoints.swift in Sources */ = {isa = PBXBuildFile; fileRef = 83573DAC28A1DF250061177F /* FeedEndpoints.swift */; };
		83573DB228A2A77F0061177F /* HTTPClient.swift in Sources */ = {isa = PBXBuildFile; fileRef = 83573DB128A2A77F0061177F /* HTTPClient.swift */; };
		83573DB428A2A9E80061177F /* URLSessionHTTPClient.swift in Sources */ = {isa = PBXBuildFile; fileRef = 83573DB328A2A9E80061177F /* URLSessionHTTPClient.swift */; };
		83573DB828A2C2EB0061177F /* FeedViewModel.swift in Sources */ = {isa = PBXBuildFile; fileRef = 83573DB728A2C2EB0061177F /* FeedViewModel.swift */; };
		83573DBA28A2DCC80061177F /* ContentView.swift in Sources */ = {isa = PBXBuildFile; fileRef = 83573DB928A2DCC80061177F /* ContentView.swift */; };
		83573DBC28A2E4790061177F /* GenericResultDTO.swift in Sources */ = {isa = PBXBuildFile; fileRef = 83573DBB28A2E4790061177F /* GenericResultDTO.swift */; };
		836BF7C128A18ADC0019645F /* Movie.swift in Sources */ = {isa = PBXBuildFile; fileRef = 836BF7C028A18ADC0019645F /* Movie.swift */; };
		836BF7C428A18D050019645F /* FeedLoader.swift in Sources */ = {isa = PBXBuildFile; fileRef = 836BF7C328A18D050019645F /* FeedLoader.swift */; };
		83962227289FF8980054D28B /* TheMovieDB_Clean_SwiftUI_CombineApp.swift in Sources */ = {isa = PBXBuildFile; fileRef = 83962226289FF8980054D28B /* TheMovieDB_Clean_SwiftUI_CombineApp.swift */; };
		83962229289FF8980054D28B /* FeedView.swift in Sources */ = {isa = PBXBuildFile; fileRef = 83962228289FF8980054D28B /* FeedView.swift */; };
		8396222B289FF8990054D28B /* Assets.xcassets in Resources */ = {isa = PBXBuildFile; fileRef = 8396222A289FF8990054D28B /* Assets.xcassets */; };
		8396222E289FF8990054D28B /* Preview Assets.xcassets in Resources */ = {isa = PBXBuildFile; fileRef = 8396222D289FF8990054D28B /* Preview Assets.xcassets */; };
/* End PBXBuildFile section */

/* Begin PBXFileReference section */
		83573DA128A1CF900061177F /* MovieDTO.swift */ = {isa = PBXFileReference; lastKnownFileType = sourcecode.swift; path = MovieDTO.swift; sourceTree = "<group>"; };
		83573DA528A1D7050061177F /* RemoteFeedLoader.swift */ = {isa = PBXFileReference; lastKnownFileType = sourcecode.swift; path = RemoteFeedLoader.swift; sourceTree = "<group>"; };
		83573DA828A1D8B00061177F /* Endpoint.swift */ = {isa = PBXFileReference; lastKnownFileType = sourcecode.swift; path = Endpoint.swift; sourceTree = "<group>"; };
		83573DAA28A1DD9F0061177F /* APIError.swift */ = {isa = PBXFileReference; lastKnownFileType = sourcecode.swift; path = APIError.swift; sourceTree = "<group>"; };
		83573DAC28A1DF250061177F /* FeedEndpoints.swift */ = {isa = PBXFileReference; lastKnownFileType = sourcecode.swift; path = FeedEndpoints.swift; sourceTree = "<group>"; };
		83573DB128A2A77F0061177F /* HTTPClient.swift */ = {isa = PBXFileReference; lastKnownFileType = sourcecode.swift; path = HTTPClient.swift; sourceTree = "<group>"; };
		83573DB328A2A9E80061177F /* URLSessionHTTPClient.swift */ = {isa = PBXFileReference; lastKnownFileType = sourcecode.swift; path = URLSessionHTTPClient.swift; sourceTree = "<group>"; };
		83573DB728A2C2EB0061177F /* FeedViewModel.swift */ = {isa = PBXFileReference; lastKnownFileType = sourcecode.swift; path = FeedViewModel.swift; sourceTree = "<group>"; };
		83573DB928A2DCC80061177F /* ContentView.swift */ = {isa = PBXFileReference; lastKnownFileType = sourcecode.swift; path = ContentView.swift; sourceTree = "<group>"; };
		83573DBB28A2E4790061177F /* GenericResultDTO.swift */ = {isa = PBXFileReference; lastKnownFileType = sourcecode.swift; path = GenericResultDTO.swift; sourceTree = "<group>"; };
		836BF7C028A18ADC0019645F /* Movie.swift */ = {isa = PBXFileReference; lastKnownFileType = sourcecode.swift; path = Movie.swift; sourceTree = "<group>"; };
		836BF7C328A18D050019645F /* FeedLoader.swift */ = {isa = PBXFileReference; lastKnownFileType = sourcecode.swift; path = FeedLoader.swift; sourceTree = "<group>"; };
		83962223289FF8980054D28B /* TheMovieDB+Clean+SwiftUI+Combine.app */ = {isa = PBXFileReference; explicitFileType = wrapper.application; includeInIndex = 0; path = "TheMovieDB+Clean+SwiftUI+Combine.app"; sourceTree = BUILT_PRODUCTS_DIR; };
		83962226289FF8980054D28B /* TheMovieDB_Clean_SwiftUI_CombineApp.swift */ = {isa = PBXFileReference; lastKnownFileType = sourcecode.swift; path = TheMovieDB_Clean_SwiftUI_CombineApp.swift; sourceTree = "<group>"; };
		83962228289FF8980054D28B /* FeedView.swift */ = {isa = PBXFileReference; lastKnownFileType = sourcecode.swift; path = FeedView.swift; sourceTree = "<group>"; };
		8396222A289FF8990054D28B /* Assets.xcassets */ = {isa = PBXFileReference; lastKnownFileType = folder.assetcatalog; path = Assets.xcassets; sourceTree = "<group>"; };
		8396222D289FF8990054D28B /* Preview Assets.xcassets */ = {isa = PBXFileReference; lastKnownFileType = folder.assetcatalog; path = "Preview Assets.xcassets"; sourceTree = "<group>"; };
/* End PBXFileReference section */

/* Begin PBXFrameworksBuildPhase section */
		83962220289FF8980054D28B /* Frameworks */ = {
			isa = PBXFrameworksBuildPhase;
			buildActionMask = 2147483647;
			files = (
			);
			runOnlyForDeploymentPostprocessing = 0;
		};
/* End PBXFrameworksBuildPhase section */

/* Begin PBXGroup section */
		83573D9728A1CAC70061177F /* Presentation */ = {
			isa = PBXGroup;
			children = (
				83573DB528A2C2CB0061177F /* Presenters */,
				83962238289FFC090054D28B /* UI */,
			);
			path = Presentation;
			sourceTree = "<group>";
		};
		83573D9928A1CB890061177F /* Data */ = {
			isa = PBXGroup;
			children = (
				83573DA728A1D89F0061177F /* Shared */,
				83573DA428A1D16B0061177F /* Repositories */,
				83573DA328A1D15C0061177F /* DataSource */,
			);
			path = Data;
			sourceTree = "<group>";
		};
		83573D9C28A1CE950061177F /* API */ = {
			isa = PBXGroup;
			children = (
				83573DBB28A2E4790061177F /* GenericResultDTO.swift */,
				83573D9D28A1CE9F0061177F /* Feed */,
			);
			path = API;
			sourceTree = "<group>";
		};
		83573D9D28A1CE9F0061177F /* Feed */ = {
			isa = PBXGroup;
			children = (
				83573DA128A1CF900061177F /* MovieDTO.swift */,
				83573DA528A1D7050061177F /* RemoteFeedLoader.swift */,
				83573DAC28A1DF250061177F /* FeedEndpoints.swift */,
			);
			path = Feed;
			sourceTree = "<group>";
		};
		83573DA328A1D15C0061177F /* DataSource */ = {
			isa = PBXGroup;
			children = (
				83573D9C28A1CE950061177F /* API */,
			);
			path = DataSource;
			sourceTree = "<group>";
		};
		83573DA428A1D16B0061177F /* Repositories */ = {
			isa = PBXGroup;
			children = (
			);
			path = Repositories;
			sourceTree = "<group>";
		};
		83573DA728A1D89F0061177F /* Shared */ = {
			isa = PBXGroup;
			children = (
				83573DAE28A21FBF0061177F /* Networking */,
			);
			path = Shared;
			sourceTree = "<group>";
		};
		83573DAE28A21FBF0061177F /* Networking */ = {
			isa = PBXGroup;
			children = (
				83573DA828A1D8B00061177F /* Endpoint.swift */,
				83573DAA28A1DD9F0061177F /* APIError.swift */,
				83573DB128A2A77F0061177F /* HTTPClient.swift */,
				83573DB328A2A9E80061177F /* URLSessionHTTPClient.swift */,
			);
			path = Networking;
			sourceTree = "<group>";
		};
		83573DB528A2C2CB0061177F /* Presenters */ = {
			isa = PBXGroup;
			children = (
				83573DB628A2C2DA0061177F /* Feed */,
			);
			path = Presenters;
			sourceTree = "<group>";
		};
		83573DB628A2C2DA0061177F /* Feed */ = {
			isa = PBXGroup;
			children = (
				83573DB728A2C2EB0061177F /* FeedViewModel.swift */,
			);
			path = Feed;
			sourceTree = "<group>";
		};
		836BF7BD28A17AA10019645F /* Domain */ = {
			isa = PBXGroup;
			children = (
				836BF7BE28A18A3B0019645F /* Feed */,
			);
			path = Domain;
			sourceTree = "<group>";
		};
		836BF7BE28A18A3B0019645F /* Feed */ = {
			isa = PBXGroup;
			children = (
				836BF7BF28A18ABB0019645F /* Models */,
				836BF7C228A18CC40019645F /* UseCases */,
			);
			path = Feed;
			sourceTree = "<group>";
		};
		836BF7BF28A18ABB0019645F /* Models */ = {
			isa = PBXGroup;
			children = (
				836BF7C028A18ADC0019645F /* Movie.swift */,
			);
			path = Models;
			sourceTree = "<group>";
		};
		836BF7C228A18CC40019645F /* UseCases */ = {
			isa = PBXGroup;
			children = (
				836BF7C328A18D050019645F /* FeedLoader.swift */,
			);
			path = UseCases;
			sourceTree = "<group>";
		};
		8396221A289FF8980054D28B = {
			isa = PBXGroup;
			children = (
				83962225289FF8980054D28B /* TheMovieDB+Clean+SwiftUI+Combine */,
				83962224289FF8980054D28B /* Products */,
			);
			sourceTree = "<group>";
		};
		83962224289FF8980054D28B /* Products */ = {
			isa = PBXGroup;
			children = (
				83962223289FF8980054D28B /* TheMovieDB+Clean+SwiftUI+Combine.app */,
			);
			name = Products;
			sourceTree = "<group>";
		};
		83962225289FF8980054D28B /* TheMovieDB+Clean+SwiftUI+Combine */ = {
			isa = PBXGroup;
			children = (
				83962234289FFBB30054D28B /* Core */,
				83573D9928A1CB890061177F /* Data */,
				836BF7BD28A17AA10019645F /* Domain */,
				83573D9728A1CAC70061177F /* Presentation */,
				83962239289FFC240054D28B /* Resources */,
				8396222C289FF8990054D28B /* Preview Content */,
			);
			path = "TheMovieDB+Clean+SwiftUI+Combine";
			sourceTree = "<group>";
		};
		8396222C289FF8990054D28B /* Preview Content */ = {
			isa = PBXGroup;
			children = (
				8396222D289FF8990054D28B /* Preview Assets.xcassets */,
			);
			path = "Preview Content";
			sourceTree = "<group>";
		};
		83962234289FFBB30054D28B /* Core */ = {
			isa = PBXGroup;
			children = (
				83962226289FF8980054D28B /* TheMovieDB_Clean_SwiftUI_CombineApp.swift */,
			);
			path = Core;
			sourceTree = "<group>";
		};
		83962238289FFC090054D28B /* UI */ = {
			isa = PBXGroup;
			children = (
				83573DB928A2DCC80061177F /* ContentView.swift */,
				8396223A289FFF200054D28B /* Feed */,
			);
			path = UI;
			sourceTree = "<group>";
		};
		83962239289FFC240054D28B /* Resources */ = {
			isa = PBXGroup;
			children = (
				8396222A289FF8990054D28B /* Assets.xcassets */,
			);
			path = Resources;
			sourceTree = "<group>";
		};
		8396223A289FFF200054D28B /* Feed */ = {
			isa = PBXGroup;
			children = (
				83962228289FF8980054D28B /* FeedView.swift */,
			);
			path = Feed;
			sourceTree = "<group>";
		};
/* End PBXGroup section */

/* Begin PBXNativeTarget section */
		83962222289FF8980054D28B /* TheMovieDB+Clean+SwiftUI+Combine */ = {
			isa = PBXNativeTarget;
			buildConfigurationList = 83962231289FF8990054D28B /* Build configuration list for PBXNativeTarget "TheMovieDB+Clean+SwiftUI+Combine" */;
			buildPhases = (
				8396221F289FF8980054D28B /* Sources */,
				83962220289FF8980054D28B /* Frameworks */,
				83962221289FF8980054D28B /* Resources */,
			);
			buildRules = (
			);
			dependencies = (
			);
			name = "TheMovieDB+Clean+SwiftUI+Combine";
			productName = "TheMovieDB+Clean+SwiftUI+Combine";
			productReference = 83962223289FF8980054D28B /* TheMovieDB+Clean+SwiftUI+Combine.app */;
			productType = "com.apple.product-type.application";
		};
/* End PBXNativeTarget section */

/* Begin PBXProject section */
		8396221B289FF8980054D28B /* Project object */ = {
			isa = PBXProject;
			attributes = {
				BuildIndependentTargetsInParallel = 1;
				LastSwiftUpdateCheck = 1400;
				LastUpgradeCheck = 1400;
				TargetAttributes = {
					83962222289FF8980054D28B = {
						CreatedOnToolsVersion = 14.0;
					};
				};
			};
			buildConfigurationList = 8396221E289FF8980054D28B /* Build configuration list for PBXProject "TheMovieDB+Clean+SwiftUI+Combine" */;
			compatibilityVersion = "Xcode 14.0";
			developmentRegion = en;
			hasScannedForEncodings = 0;
			knownRegions = (
				en,
				Base,
			);
			mainGroup = 8396221A289FF8980054D28B;
			productRefGroup = 83962224289FF8980054D28B /* Products */;
			projectDirPath = "";
			projectRoot = "";
			targets = (
				83962222289FF8980054D28B /* TheMovieDB+Clean+SwiftUI+Combine */,
			);
		};
/* End PBXProject section */

/* Begin PBXResourcesBuildPhase section */
		83962221289FF8980054D28B /* Resources */ = {
			isa = PBXResourcesBuildPhase;
			buildActionMask = 2147483647;
			files = (
				8396222E289FF8990054D28B /* Preview Assets.xcassets in Resources */,
				8396222B289FF8990054D28B /* Assets.xcassets in Resources */,
			);
			runOnlyForDeploymentPostprocessing = 0;
		};
/* End PBXResourcesBuildPhase section */

/* Begin PBXSourcesBuildPhase section */
		8396221F289FF8980054D28B /* Sources */ = {
			isa = PBXSourcesBuildPhase;
			buildActionMask = 2147483647;
			files = (
				83962229289FF8980054D28B /* FeedView.swift in Sources */,
				83573DA628A1D7050061177F /* RemoteFeedLoader.swift in Sources */,
				83573DB828A2C2EB0061177F /* FeedViewModel.swift in Sources */,
				83573DA928A1D8B00061177F /* Endpoint.swift in Sources */,
				83962227289FF8980054D28B /* TheMovieDB_Clean_SwiftUI_CombineApp.swift in Sources */,
				83573DA228A1CF900061177F /* MovieDTO.swift in Sources */,
				83573DBC28A2E4790061177F /* GenericResultDTO.swift in Sources */,
				836BF7C428A18D050019645F /* FeedLoader.swift in Sources */,
				83573DB428A2A9E80061177F /* URLSessionHTTPClient.swift in Sources */,
				83573DB228A2A77F0061177F /* HTTPClient.swift in Sources */,
				836BF7C128A18ADC0019645F /* Movie.swift in Sources */,
				83573DBA28A2DCC80061177F /* ContentView.swift in Sources */,
				83573DAB28A1DD9F0061177F /* APIError.swift in Sources */,
				83573DAD28A1DF250061177F /* FeedEndpoints.swift in Sources */,
			);
			runOnlyForDeploymentPostprocessing = 0;
		};
/* End PBXSourcesBuildPhase section */

/* Begin XCBuildConfiguration section */
		8396222F289FF8990054D28B /* Debug */ = {
			isa = XCBuildConfiguration;
			buildSettings = {
				ALWAYS_SEARCH_USER_PATHS = NO;
				CLANG_ANALYZER_NONNULL = YES;
				CLANG_ANALYZER_NUMBER_OBJECT_CONVERSION = YES_AGGRESSIVE;
				CLANG_CXX_LANGUAGE_STANDARD = "gnu++20";
				CLANG_ENABLE_MODULES = YES;
				CLANG_ENABLE_OBJC_ARC = YES;
				CLANG_ENABLE_OBJC_WEAK = YES;
				CLANG_WARN_BLOCK_CAPTURE_AUTORELEASING = YES;
				CLANG_WARN_BOOL_CONVERSION = YES;
				CLANG_WARN_COMMA = YES;
				CLANG_WARN_CONSTANT_CONVERSION = YES;
				CLANG_WARN_DEPRECATED_OBJC_IMPLEMENTATIONS = YES;
				CLANG_WARN_DIRECT_OBJC_ISA_USAGE = YES_ERROR;
				CLANG_WARN_DOCUMENTATION_COMMENTS = YES;
				CLANG_WARN_EMPTY_BODY = YES;
				CLANG_WARN_ENUM_CONVERSION = YES;
				CLANG_WARN_INFINITE_RECURSION = YES;
				CLANG_WARN_INT_CONVERSION = YES;
				CLANG_WARN_NON_LITERAL_NULL_CONVERSION = YES;
				CLANG_WARN_OBJC_IMPLICIT_RETAIN_SELF = YES;
				CLANG_WARN_OBJC_LITERAL_CONVERSION = YES;
				CLANG_WARN_OBJC_ROOT_CLASS = YES_ERROR;
				CLANG_WARN_QUOTED_INCLUDE_IN_FRAMEWORK_HEADER = YES;
				CLANG_WARN_RANGE_LOOP_ANALYSIS = YES;
				CLANG_WARN_STRICT_PROTOTYPES = YES;
				CLANG_WARN_SUSPICIOUS_MOVE = YES;
				CLANG_WARN_UNGUARDED_AVAILABILITY = YES_AGGRESSIVE;
				CLANG_WARN_UNREACHABLE_CODE = YES;
				CLANG_WARN__DUPLICATE_METHOD_MATCH = YES;
				COPY_PHASE_STRIP = NO;
				DEBUG_INFORMATION_FORMAT = dwarf;
				ENABLE_STRICT_OBJC_MSGSEND = YES;
				ENABLE_TESTABILITY = YES;
				GCC_C_LANGUAGE_STANDARD = gnu11;
				GCC_DYNAMIC_NO_PIC = NO;
				GCC_NO_COMMON_BLOCKS = YES;
				GCC_OPTIMIZATION_LEVEL = 0;
				GCC_PREPROCESSOR_DEFINITIONS = (
					"DEBUG=1",
					"$(inherited)",
				);
				GCC_WARN_64_TO_32_BIT_CONVERSION = YES;
				GCC_WARN_ABOUT_RETURN_TYPE = YES_ERROR;
				GCC_WARN_UNDECLARED_SELECTOR = YES;
				GCC_WARN_UNINITIALIZED_AUTOS = YES_AGGRESSIVE;
				GCC_WARN_UNUSED_FUNCTION = YES;
				GCC_WARN_UNUSED_VARIABLE = YES;
				IPHONEOS_DEPLOYMENT_TARGET = 16.0;
				MTL_ENABLE_DEBUG_INFO = INCLUDE_SOURCE;
				MTL_FAST_MATH = YES;
				ONLY_ACTIVE_ARCH = YES;
				SDKROOT = iphoneos;
				SWIFT_ACTIVE_COMPILATION_CONDITIONS = DEBUG;
				SWIFT_OPTIMIZATION_LEVEL = "-Onone";
			};
			name = Debug;
		};
		83962230289FF8990054D28B /* Release */ = {
			isa = XCBuildConfiguration;
			buildSettings = {
				ALWAYS_SEARCH_USER_PATHS = NO;
				CLANG_ANALYZER_NONNULL = YES;
				CLANG_ANALYZER_NUMBER_OBJECT_CONVERSION = YES_AGGRESSIVE;
				CLANG_CXX_LANGUAGE_STANDARD = "gnu++20";
				CLANG_ENABLE_MODULES = YES;
				CLANG_ENABLE_OBJC_ARC = YES;
				CLANG_ENABLE_OBJC_WEAK = YES;
				CLANG_WARN_BLOCK_CAPTURE_AUTORELEASING = YES;
				CLANG_WARN_BOOL_CONVERSION = YES;
				CLANG_WARN_COMMA = YES;
				CLANG_WARN_CONSTANT_CONVERSION = YES;
				CLANG_WARN_DEPRECATED_OBJC_IMPLEMENTATIONS = YES;
				CLANG_WARN_DIRECT_OBJC_ISA_USAGE = YES_ERROR;
				CLANG_WARN_DOCUMENTATION_COMMENTS = YES;
				CLANG_WARN_EMPTY_BODY = YES;
				CLANG_WARN_ENUM_CONVERSION = YES;
				CLANG_WARN_INFINITE_RECURSION = YES;
				CLANG_WARN_INT_CONVERSION = YES;
				CLANG_WARN_NON_LITERAL_NULL_CONVERSION = YES;
				CLANG_WARN_OBJC_IMPLICIT_RETAIN_SELF = YES;
				CLANG_WARN_OBJC_LITERAL_CONVERSION = YES;
				CLANG_WARN_OBJC_ROOT_CLASS = YES_ERROR;
				CLANG_WARN_QUOTED_INCLUDE_IN_FRAMEWORK_HEADER = YES;
				CLANG_WARN_RANGE_LOOP_ANALYSIS = YES;
				CLANG_WARN_STRICT_PROTOTYPES = YES;
				CLANG_WARN_SUSPICIOUS_MOVE = YES;
				CLANG_WARN_UNGUARDED_AVAILABILITY = YES_AGGRESSIVE;
				CLANG_WARN_UNREACHABLE_CODE = YES;
				CLANG_WARN__DUPLICATE_METHOD_MATCH = YES;
				COPY_PHASE_STRIP = NO;
				DEBUG_INFORMATION_FORMAT = "dwarf-with-dsym";
				ENABLE_NS_ASSERTIONS = NO;
				ENABLE_STRICT_OBJC_MSGSEND = YES;
				GCC_C_LANGUAGE_STANDARD = gnu11;
				GCC_NO_COMMON_BLOCKS = YES;
				GCC_WARN_64_TO_32_BIT_CONVERSION = YES;
				GCC_WARN_ABOUT_RETURN_TYPE = YES_ERROR;
				GCC_WARN_UNDECLARED_SELECTOR = YES;
				GCC_WARN_UNINITIALIZED_AUTOS = YES_AGGRESSIVE;
				GCC_WARN_UNUSED_FUNCTION = YES;
				GCC_WARN_UNUSED_VARIABLE = YES;
				IPHONEOS_DEPLOYMENT_TARGET = 16.0;
				MTL_ENABLE_DEBUG_INFO = NO;
				MTL_FAST_MATH = YES;
				SDKROOT = iphoneos;
				SWIFT_COMPILATION_MODE = wholemodule;
				SWIFT_OPTIMIZATION_LEVEL = "-O";
				VALIDATE_PRODUCT = YES;
			};
			name = Release;
		};
		83962232289FF8990054D28B /* Debug */ = {
			isa = XCBuildConfiguration;
			buildSettings = {
				ASSETCATALOG_COMPILER_APPICON_NAME = AppIcon;
				ASSETCATALOG_COMPILER_GLOBAL_ACCENT_COLOR_NAME = AccentColor;
				CODE_SIGN_STYLE = Automatic;
				CURRENT_PROJECT_VERSION = 1;
				DEVELOPMENT_ASSET_PATHS = "\"TheMovieDB+Clean+SwiftUI+Combine/Preview Content\"";
				DEVELOPMENT_TEAM = J4J5WMHX6L;
				ENABLE_PREVIEWS = YES;
				GENERATE_INFOPLIST_FILE = YES;
				INFOPLIST_KEY_UIApplicationSceneManifest_Generation = YES;
				INFOPLIST_KEY_UIApplicationSupportsIndirectInputEvents = YES;
				INFOPLIST_KEY_UILaunchScreen_Generation = YES;
				INFOPLIST_KEY_UISupportedInterfaceOrientations_iPad = "UIInterfaceOrientationPortrait UIInterfaceOrientationPortraitUpsideDown UIInterfaceOrientationLandscapeLeft UIInterfaceOrientationLandscapeRight";
				INFOPLIST_KEY_UISupportedInterfaceOrientations_iPhone = "UIInterfaceOrientationPortrait UIInterfaceOrientationLandscapeLeft UIInterfaceOrientationLandscapeRight";
				LD_RUNPATH_SEARCH_PATHS = (
					"$(inherited)",
					"@executable_path/Frameworks",
				);
				MARKETING_VERSION = 1.0;
				PRODUCT_BUNDLE_IDENTIFIER = "com.dulce.TheMovieDB-Clean-SwiftUI-Combine";
				PRODUCT_NAME = "$(TARGET_NAME)";
				SWIFT_EMIT_LOC_STRINGS = YES;
				SWIFT_VERSION = 5.0;
				TARGETED_DEVICE_FAMILY = "1,2";
			};
			name = Debug;
		};
		83962233289FF8990054D28B /* Release */ = {
			isa = XCBuildConfiguration;
			buildSettings = {
				ASSETCATALOG_COMPILER_APPICON_NAME = AppIcon;
				ASSETCATALOG_COMPILER_GLOBAL_ACCENT_COLOR_NAME = AccentColor;
				CODE_SIGN_STYLE = Automatic;
				CURRENT_PROJECT_VERSION = 1;
				DEVELOPMENT_ASSET_PATHS = "\"TheMovieDB+Clean+SwiftUI+Combine/Preview Content\"";
				DEVELOPMENT_TEAM = J4J5WMHX6L;
				ENABLE_PREVIEWS = YES;
				GENERATE_INFOPLIST_FILE = YES;
				INFOPLIST_KEY_UIApplicationSceneManifest_Generation = YES;
				INFOPLIST_KEY_UIApplicationSupportsIndirectInputEvents = YES;
				INFOPLIST_KEY_UILaunchScreen_Generation = YES;
				INFOPLIST_KEY_UISupportedInterfaceOrientations_iPad = "UIInterfaceOrientationPortrait UIInterfaceOrientationPortraitUpsideDown UIInterfaceOrientationLandscapeLeft UIInterfaceOrientationLandscapeRight";
				INFOPLIST_KEY_UISupportedInterfaceOrientations_iPhone = "UIInterfaceOrientationPortrait UIInterfaceOrientationLandscapeLeft UIInterfaceOrientationLandscapeRight";
				LD_RUNPATH_SEARCH_PATHS = (
					"$(inherited)",
					"@executable_path/Frameworks",
				);
				MARKETING_VERSION = 1.0;
				PRODUCT_BUNDLE_IDENTIFIER = "com.dulce.TheMovieDB-Clean-SwiftUI-Combine";
				PRODUCT_NAME = "$(TARGET_NAME)";
				SWIFT_EMIT_LOC_STRINGS = YES;
				SWIFT_VERSION = 5.0;
				TARGETED_DEVICE_FAMILY = "1,2";
			};
			name = Release;
		};
/* End XCBuildConfiguration section */

/* Begin XCConfigurationList section */
		8396221E289FF8980054D28B /* Build configuration list for PBXProject "TheMovieDB+Clean+SwiftUI+Combine" */ = {
			isa = XCConfigurationList;
			buildConfigurations = (
				8396222F289FF8990054D28B /* Debug */,
				83962230289FF8990054D28B /* Release */,
			);
			defaultConfigurationIsVisible = 0;
			defaultConfigurationName = Release;
		};
		83962231289FF8990054D28B /* Build configuration list for PBXNativeTarget "TheMovieDB+Clean+SwiftUI+Combine" */ = {
			isa = XCConfigurationList;
			buildConfigurations = (
				83962232289FF8990054D28B /* Debug */,
				83962233289FF8990054D28B /* Release */,
			);
			defaultConfigurationIsVisible = 0;
			defaultConfigurationName = Release;
		};
/* End XCConfigurationList section */
	};
	rootObject = 8396221B289FF8980054D28B /* Project object */;
}
